
Microsoft Visual Studio Solution File, Format Version 12.00
# Visual Studio Version 16
VisualStudioVersion = 16.0.29728.190
MinimumVisualStudioVersion = 10.0.40219.1
Project("{FAE04EC0-301F-11D3-BF4B-00C04F79EFBC}") = "Shop", "Shop\Shop.csproj", "{1BD027B4-ABBD-4DB8-B783-6A3E2AFDBF79}"
EndProject
Global
	GlobalSection(SolutionConfigurationPlatforms) = preSolution
		Debug|Any CPU = Debug|Any CPU
		Release|Any CPU = Release|Any CPU
	EndGlobalSection
	GlobalSection(ProjectConfigurationPlatforms) = postSolution
		{1BD027B4-ABBD-4DB8-B783-6A3E2AFDBF79}.Debug|Any CPU.ActiveCfg = Debug|Any CPU
		{1BD027B4-ABBD-4DB8-B783-6A3E2AFDBF79}.Debug|Any CPU.Build.0 = Debug|Any CPU
		{1BD027B4-ABBD-4DB8-B783-6A3E2AFDBF79}.Release|Any CPU.ActiveCfg = Release|Any CPU
		{1BD027B4-ABBD-4DB8-B783-6A3E2AFDBF79}.Release|Any CPU.Build.0 = Release|Any CPU
	EndGlobalSection
	GlobalSection(SolutionProperties) = preSolution
		HideSolutionNode = FALSE
	EndGlobalSection
	GlobalSection(ExtensibilityGlobals) = postSolution
		SolutionGuid = {74FAFE1A-8585-46BF-8464-AF855E2C2402}
	EndGlobalSection
EndGlobal
